
Microsoft Visual Studio Solution File, Format Version 12.00
# Visual Studio Version 17
VisualStudioVersion = 17.13.35919.96
MinimumVisualStudioVersion = 10.0.40219.1
Project("{FAE04EC0-301F-11D3-BF4B-00C04F79EFBC}") = "FicWriter.API", "FicWriter.API\FicWriter.API.csproj", "{36378E64-42F8-8E33-5F2E-A9952A39AE0E}"
EndProject
Global
	GlobalSection(SolutionConfigurationPlatforms) = preSolution
		Debug|Any CPU = Debug|Any CPU
		Release|Any CPU = Release|Any CPU
	EndGlobalSection
	GlobalSection(ProjectConfigurationPlatforms) = postSolution
		{36378E64-42F8-8E33-5F2E-A9952A39AE0E}.Debug|Any CPU.ActiveCfg = Debug|Any CPU
		{36378E64-42F8-8E33-5F2E-A9952A39AE0E}.Debug|Any CPU.Build.0 = Debug|Any CPU
		{36378E64-42F8-8E33-5F2E-A9952A39AE0E}.Release|Any CPU.ActiveCfg = Release|Any CPU
		{36378E64-42F8-8E33-5F2E-A9952A39AE0E}.Release|Any CPU.Build.0 = Release|Any CPU
	EndGlobalSection
	GlobalSection(SolutionProperties) = preSolution
		HideSolutionNode = FALSE
	EndGlobalSection
	GlobalSection(ExtensibilityGlobals) = postSolution
		SolutionGuid = {4AD21AF4-FB1B-4A95-8F2D-BFFF8BD70CB6}
	EndGlobalSection
EndGlobal
